Microsoft Visual Studio Solution File, Format Version 12.00
# Visual Studio 15
VisualStudioVersion = 15.0.27130.2003
MinimumVisualStudioVersion = 10.0.40219.1
Project("{2150E333-8FDC-42A3-9474-1A3956D46DE8}") = "Build", "Build", "{CA8030BE-B144-42AD-96B6-82BA6C649161}"
	ProjectSection(SolutionItems) = preProject
		build\IL2CPU.ruleset = build\IL2CPU.ruleset
		build\Tests.ruleset = build\Tests.ruleset
	EndProjectSection
EndProject
Project("{2150E333-8FDC-42A3-9474-1A3956D46DE8}") = "Solution Items", "Solution Items", "{4484F6A7-93BB-4F2B-936B-EC8AC046AEF9}"
	ProjectSection(SolutionItems) = preProject
		.editorconfig = .editorconfig
	EndProjectSection
EndProject
Project("{9A19103F-16F7-4668-BE54-9A1E7A4F7556}") = "XSharp.Assembler", "..\XSharp\source\XSharp.Assembler\XSharp.Assembler.csproj", "{0CDB3F6E-7971-426B-81F8-38B966A54C2B}"
EndProject
Project("{9A19103F-16F7-4668-BE54-9A1E7A4F7556}") = "Cosmos.IL2CPU", "source\Cosmos.IL2CPU\Cosmos.IL2CPU.csproj", "{4F903492-CCA6-4FD9-A1B6-5E4CC0CE7767}"
EndProject
Project("{9A19103F-16F7-4668-BE54-9A1E7A4F7556}") = "IL2CPU.API", "source\IL2CPU.API\IL2CPU.API.csproj", "{34AEEB7C-FD5D-4B15-A830-B429681844BD}"
EndProject
Project("{2150E333-8FDC-42A3-9474-1A3956D46DE8}") = "XSharp", "XSharp", "{E9CD521E-C386-466D-B5F7-A5EB19A61625}"
EndProject
Project("{9A19103F-16F7-4668-BE54-9A1E7A4F7556}") = "XSharp", "..\XSharp\source\XSharp\XSharp.csproj", "{72EB557A-8A2D-4B0F-823E-C70A791831B5}"
EndProject
Project("{9A19103F-16F7-4668-BE54-9A1E7A4F7556}") = "IL2CPU", "source\IL2CPU\IL2CPU.csproj", "{295AA95F-BEC6-4F9E-A2E1-8205FD06E951}"
EndProject
Project("{2150E333-8FDC-42A3-9474-1A3956D46DE8}") = "External", "External", "{D232F471-5A59-438F-87EA-E1809E3BEDB4}"
EndProject
Project("{9A19103F-16F7-4668-BE54-9A1E7A4F7556}") = "Cosmos.Build.Common", "..\Cosmos\source\Cosmos.Build.Common\Cosmos.Build.Common.csproj", "{8F02A68D-1C14-4665-A41E-076252F2055E}"
EndProject
Project("{9A19103F-16F7-4668-BE54-9A1E7A4F7556}") = "IL2CPU.Debug.Symbols", "source\IL2CPU.Debug.Symbols\IL2CPU.Debug.Symbols.csproj", "{8037EF30-3CC2-4555-ACF0-8392250FAE2C}"
EndProject
Project("{9A19103F-16F7-4668-BE54-9A1E7A4F7556}") = "Cosmos.Core.DebugStub", "..\Cosmos\source\Cosmos.Core.DebugStub\Cosmos.Core.DebugStub.csproj", "{D8E80776-2800-469B-AE31-D1C016D5E8D3}"
EndProject
Project("{9A19103F-16F7-4668-BE54-9A1E7A4F7556}") = "Cosmos.Debug.Kernel", "..\Cosmos\source\Cosmos.Debug.Kernel\Cosmos.Debug.Kernel.csproj", "{EDE13333-B2E6-4E04-B995-209B8BDFA9D4}"
EndProject
Project("{9A19103F-16F7-4668-BE54-9A1E7A4F7556}") = "Spruce", "..\XSharp\source\Spruce\Spruce.csproj", "{B1D5C021-5C6F-4771-9ADA-1327206FD096}"
EndProject
Project("{9A19103F-16F7-4668-BE54-9A1E7A4F7556}") = "XSharp.x86", "..\XSharp\source\XSharp.x86\XSharp.x86.csproj", "{266FA59C-1A79-4DF5-B6F6-A1FEC271A6FB}"
EndProject
Project("{2150E333-8FDC-42A3-9474-1A3956D46DE8}") = "Tests", "Tests", "{27E233BC-C5B1-4D86-9C54-4B0E0EA83F8B}"
EndProject
Project("{9A19103F-16F7-4668-BE54-9A1E7A4F7556}") = "IL2CPU.Compiler.Tests", "tests\IL2CPU.Compiler.Tests\IL2CPU.Compiler.Tests.csproj", "{FBA88B9D-F6B3-422C-ABF8-470BB4A4E22E}"
EndProject
Global
	GlobalSection(SolutionConfigurationPlatforms) = preSolution
		Debug|Any CPU = Debug|Any CPU
		Debug|x86 = Debug|x86
		Release|Any CPU = Release|Any CPU
		Release|x86 = Release|x86
	EndGlobalSection
	GlobalSection(ProjectConfigurationPlatforms) = postSolution
		{0CDB3F6E-7971-426B-81F8-38B966A54C2B}.Debug|Any CPU.ActiveCfg = Debug|Any CPU
		{0CDB3F6E-7971-426B-81F8-38B966A54C2B}.Debug|Any CPU.Build.0 = Debug|Any CPU
		{0CDB3F6E-7971-426B-81F8-38B966A54C2B}.Debug|x86.ActiveCfg = Debug|Any CPU
		{0CDB3F6E-7971-426B-81F8-38B966A54C2B}.Debug|x86.Build.0 = Debug|Any CPU
		{0CDB3F6E-7971-426B-81F8-38B966A54C2B}.Release|Any CPU.ActiveCfg = Release|Any CPU
		{0CDB3F6E-7971-426B-81F8-38B966A54C2B}.Release|Any CPU.Build.0 = Release|Any CPU
		{0CDB3F6E-7971-426B-81F8-38B966A54C2B}.Release|x86.ActiveCfg = Release|Any CPU
		{0CDB3F6E-7971-426B-81F8-38B966A54C2B}.Release|x86.Build.0 = Release|Any CPU
		{4F903492-CCA6-4FD9-A1B6-5E4CC0CE7767}.Debug|Any CPU.ActiveCfg = Debug|Any CPU
		{4F903492-CCA6-4FD9-A1B6-5E4CC0CE7767}.Debug|Any CPU.Build.0 = Debug|Any CPU
		{4F903492-CCA6-4FD9-A1B6-5E4CC0CE7767}.Debug|x86.ActiveCfg = Debug|Any CPU
		{4F903492-CCA6-4FD9-A1B6-5E4CC0CE7767}.Debug|x86.Build.0 = Debug|Any CPU
		{4F903492-CCA6-4FD9-A1B6-5E4CC0CE7767}.Release|Any CPU.ActiveCfg = Release|Any CPU
		{4F903492-CCA6-4FD9-A1B6-5E4CC0CE7767}.Release|Any CPU.Build.0 = Release|Any CPU
		{4F903492-CCA6-4FD9-A1B6-5E4CC0CE7767}.Release|x86.ActiveCfg = Release|Any CPU
		{4F903492-CCA6-4FD9-A1B6-5E4CC0CE7767}.Release|x86.Build.0 = Release|Any CPU
		{34AEEB7C-FD5D-4B15-A830-B429681844BD}.Debug|Any CPU.ActiveCfg = Debug|Any CPU
		{34AEEB7C-FD5D-4B15-A830-B429681844BD}.Debug|Any CPU.Build.0 = Debug|Any CPU
		{34AEEB7C-FD5D-4B15-A830-B429681844BD}.Debug|x86.ActiveCfg = Debug|Any CPU
		{34AEEB7C-FD5D-4B15-A830-B429681844BD}.Debug|x86.Build.0 = Debug|Any CPU
		{34AEEB7C-FD5D-4B15-A830-B429681844BD}.Release|Any CPU.ActiveCfg = Release|Any CPU
		{34AEEB7C-FD5D-4B15-A830-B429681844BD}.Release|Any CPU.Build.0 = Release|Any CPU
		{34AEEB7C-FD5D-4B15-A830-B429681844BD}.Release|x86.ActiveCfg = Release|Any CPU
		{34AEEB7C-FD5D-4B15-A830-B429681844BD}.Release|x86.Build.0 = Release|Any CPU
		{72EB557A-8A2D-4B0F-823E-C70A791831B5}.Debug|Any CPU.ActiveCfg = Debug|Any CPU
		{72EB557A-8A2D-4B0F-823E-C70A791831B5}.Debug|Any CPU.Build.0 = Debug|Any CPU
		{72EB557A-8A2D-4B0F-823E-C70A791831B5}.Debug|x86.ActiveCfg = Debug|Any CPU
		{72EB557A-8A2D-4B0F-823E-C70A791831B5}.Debug|x86.Build.0 = Debug|Any CPU
		{72EB557A-8A2D-4B0F-823E-C70A791831B5}.Release|Any CPU.ActiveCfg = Release|Any CPU
		{72EB557A-8A2D-4B0F-823E-C70A791831B5}.Release|Any CPU.Build.0 = Release|Any CPU
		{72EB557A-8A2D-4B0F-823E-C70A791831B5}.Release|x86.ActiveCfg = Release|Any CPU
		{72EB557A-8A2D-4B0F-823E-C70A791831B5}.Release|x86.Build.0 = Release|Any CPU
		{295AA95F-BEC6-4F9E-A2E1-8205FD06E951}.Debug|Any CPU.ActiveCfg = Debug|Any CPU
		{295AA95F-BEC6-4F9E-A2E1-8205FD06E951}.Debug|Any CPU.Build.0 = Debug|Any CPU
		{295AA95F-BEC6-4F9E-A2E1-8205FD06E951}.Debug|x86.ActiveCfg = Debug|Any CPU
		{295AA95F-BEC6-4F9E-A2E1-8205FD06E951}.Debug|x86.Build.0 = Debug|Any CPU
		{295AA95F-BEC6-4F9E-A2E1-8205FD06E951}.Release|Any CPU.ActiveCfg = Release|Any CPU
		{295AA95F-BEC6-4F9E-A2E1-8205FD06E951}.Release|Any CPU.Build.0 = Release|Any CPU
		{295AA95F-BEC6-4F9E-A2E1-8205FD06E951}.Release|x86.ActiveCfg = Release|Any CPU
		{295AA95F-BEC6-4F9E-A2E1-8205FD06E951}.Release|x86.Build.0 = Release|Any CPU
		{8F02A68D-1C14-4665-A41E-076252F2055E}.Debug|Any CPU.ActiveCfg = Debug|Any CPU
		{8F02A68D-1C14-4665-A41E-076252F2055E}.Debug|Any CPU.Build.0 = Debug|Any CPU
		{8F02A68D-1C14-4665-A41E-076252F2055E}.Debug|x86.ActiveCfg = Debug|Any CPU
		{8F02A68D-1C14-4665-A41E-076252F2055E}.Debug|x86.Build.0 = Debug|Any CPU
		{8F02A68D-1C14-4665-A41E-076252F2055E}.Release|Any CPU.ActiveCfg = Release|Any CPU
		{8F02A68D-1C14-4665-A41E-076252F2055E}.Release|Any CPU.Build.0 = Release|Any CPU
		{8F02A68D-1C14-4665-A41E-076252F2055E}.Release|x86.ActiveCfg = Release|Any CPU
		{8F02A68D-1C14-4665-A41E-076252F2055E}.Release|x86.Build.0 = Release|Any CPU
		{8037EF30-3CC2-4555-ACF0-8392250FAE2C}.Debug|Any CPU.ActiveCfg = Debug|Any CPU
		{8037EF30-3CC2-4555-ACF0-8392250FAE2C}.Debug|Any CPU.Build.0 = Debug|Any CPU
		{8037EF30-3CC2-4555-ACF0-8392250FAE2C}.Debug|x86.ActiveCfg = Debug|Any CPU
		{8037EF30-3CC2-4555-ACF0-8392250FAE2C}.Debug|x86.Build.0 = Debug|Any CPU
		{8037EF30-3CC2-4555-ACF0-8392250FAE2C}.Release|Any CPU.ActiveCfg = Release|Any CPU
		{8037EF30-3CC2-4555-ACF0-8392250FAE2C}.Release|Any CPU.Build.0 = Release|Any CPU
		{8037EF30-3CC2-4555-ACF0-8392250FAE2C}.Release|x86.ActiveCfg = Release|Any CPU
		{8037EF30-3CC2-4555-ACF0-8392250FAE2C}.Release|x86.Build.0 = Release|Any CPU
		{D8E80776-2800-469B-AE31-D1C016D5E8D3}.Debug|Any CPU.ActiveCfg = Debug|Any CPU
		{D8E80776-2800-469B-AE31-D1C016D5E8D3}.Debug|Any CPU.Build.0 = Debug|Any CPU
		{D8E80776-2800-469B-AE31-D1C016D5E8D3}.Debug|x86.ActiveCfg = Debug|Any CPU
		{D8E80776-2800-469B-AE31-D1C016D5E8D3}.Debug|x86.Build.0 = Debug|Any CPU
		{D8E80776-2800-469B-AE31-D1C016D5E8D3}.Release|Any CPU.ActiveCfg = Release|Any CPU
		{D8E80776-2800-469B-AE31-D1C016D5E8D3}.Release|Any CPU.Build.0 = Release|Any CPU
		{D8E80776-2800-469B-AE31-D1C016D5E8D3}.Release|x86.ActiveCfg = Release|Any CPU
		{D8E80776-2800-469B-AE31-D1C016D5E8D3}.Release|x86.Build.0 = Release|Any CPU
		{EDE13333-B2E6-4E04-B995-209B8BDFA9D4}.Debug|Any CPU.ActiveCfg = Debug|Any CPU
		{EDE13333-B2E6-4E04-B995-209B8BDFA9D4}.Debug|Any CPU.Build.0 = Debug|Any CPU
		{EDE13333-B2E6-4E04-B995-209B8BDFA9D4}.Debug|x86.ActiveCfg = Debug|Any CPU
		{EDE13333-B2E6-4E04-B995-209B8BDFA9D4}.Debug|x86.Build.0 = Debug|Any CPU
		{EDE13333-B2E6-4E04-B995-209B8BDFA9D4}.Release|Any CPU.ActiveCfg = Release|Any CPU
		{EDE13333-B2E6-4E04-B995-209B8BDFA9D4}.Release|Any CPU.Build.0 = Release|Any CPU
		{EDE13333-B2E6-4E04-B995-209B8BDFA9D4}.Release|x86.ActiveCfg = Release|Any CPU
		{EDE13333-B2E6-4E04-B995-209B8BDFA9D4}.Release|x86.Build.0 = Release|Any CPU
		{B1D5C021-5C6F-4771-9ADA-1327206FD096}.Debug|Any CPU.ActiveCfg = Debug|Any CPU
		{B1D5C021-5C6F-4771-9ADA-1327206FD096}.Debug|Any CPU.Build.0 = Debug|Any CPU
		{B1D5C021-5C6F-4771-9ADA-1327206FD096}.Debug|x86.ActiveCfg = Debug|Any CPU
		{B1D5C021-5C6F-4771-9ADA-1327206FD096}.Debug|x86.Build.0 = Debug|Any CPU
		{B1D5C021-5C6F-4771-9ADA-1327206FD096}.Release|Any CPU.ActiveCfg = Release|Any CPU
		{B1D5C021-5C6F-4771-9ADA-1327206FD096}.Release|Any CPU.Build.0 = Release|Any CPU
		{B1D5C021-5C6F-4771-9ADA-1327206FD096}.Release|x86.ActiveCfg = Release|Any CPU
		{B1D5C021-5C6F-4771-9ADA-1327206FD096}.Release|x86.Build.0 = Release|Any CPU
		{266FA59C-1A79-4DF5-B6F6-A1FEC271A6FB}.Debug|Any CPU.ActiveCfg = Debug|Any CPU
		{266FA59C-1A79-4DF5-B6F6-A1FEC271A6FB}.Debug|Any CPU.Build.0 = Debug|Any CPU
		{266FA59C-1A79-4DF5-B6F6-A1FEC271A6FB}.Debug|x86.ActiveCfg = Debug|Any CPU
		{266FA59C-1A79-4DF5-B6F6-A1FEC271A6FB}.Debug|x86.Build.0 = Debug|Any CPU
		{266FA59C-1A79-4DF5-B6F6-A1FEC271A6FB}.Release|Any CPU.ActiveCfg = Release|Any CPU
		{266FA59C-1A79-4DF5-B6F6-A1FEC271A6FB}.Release|Any CPU.Build.0 = Release|Any CPU
		{266FA59C-1A79-4DF5-B6F6-A1FEC271A6FB}.Release|x86.ActiveCfg = Release|Any CPU
		{266FA59C-1A79-4DF5-B6F6-A1FEC271A6FB}.Release|x86.Build.0 = Release|Any CPU
		{FBA88B9D-F6B3-422C-ABF8-470BB4A4E22E}.Debug|Any CPU.ActiveCfg = Debug|Any CPU
		{FBA88B9D-F6B3-422C-ABF8-470BB4A4E22E}.Debug|Any CPU.Build.0 = Debug|Any CPU
		{FBA88B9D-F6B3-422C-ABF8-470BB4A4E22E}.Debug|x86.ActiveCfg = Debug|Any CPU
		{FBA88B9D-F6B3-422C-ABF8-470BB4A4E22E}.Debug|x86.Build.0 = Debug|Any CPU
		{FBA88B9D-F6B3-422C-ABF8-470BB4A4E22E}.Release|Any CPU.ActiveCfg = Release|Any CPU
		{FBA88B9D-F6B3-422C-ABF8-470BB4A4E22E}.Release|Any CPU.Build.0 = Release|Any CPU
		{FBA88B9D-F6B3-422C-ABF8-470BB4A4E22E}.Release|x86.ActiveCfg = Release|Any CPU
		{FBA88B9D-F6B3-422C-ABF8-470BB4A4E22E}.Release|x86.Build.0 = Release|Any CPU
	EndGlobalSection
	GlobalSection(SolutionProperties) = preSolution
		HideSolutionNode = FALSE
	EndGlobalSection
	GlobalSection(NestedProjects) = preSolution
		{0CDB3F6E-7971-426B-81F8-38B966A54C2B} = {E9CD521E-C386-466D-B5F7-A5EB19A61625}
		{72EB557A-8A2D-4B0F-823E-C70A791831B5} = {E9CD521E-C386-466D-B5F7-A5EB19A61625}
		{8F02A68D-1C14-4665-A41E-076252F2055E} = {D232F471-5A59-438F-87EA-E1809E3BEDB4}
		{D8E80776-2800-469B-AE31-D1C016D5E8D3} = {D232F471-5A59-438F-87EA-E1809E3BEDB4}
		{EDE13333-B2E6-4E04-B995-209B8BDFA9D4} = {D232F471-5A59-438F-87EA-E1809E3BEDB4}
		{B1D5C021-5C6F-4771-9ADA-1327206FD096} = {E9CD521E-C386-466D-B5F7-A5EB19A61625}
		{266FA59C-1A79-4DF5-B6F6-A1FEC271A6FB} = {E9CD521E-C386-466D-B5F7-A5EB19A61625}
		{FBA88B9D-F6B3-422C-ABF8-470BB4A4E22E} = {27E233BC-C5B1-4D86-9C54-4B0E0EA83F8B}
	EndGlobalSection
	GlobalSection(ExtensibilityGlobals) = postSolution
		SolutionGuid = {4B900D20-A763-44BD-BCD1-A61B32E80D94}
	EndGlobalSection
EndGlobal
